
Microsoft Visual Studio Solution File, Format Version 12.00
# Visual Studio 15
Project("{FAE04EC0-301F-11D3-BF4B-00C04F79EFBC}") = "Assembly-CSharp", "Assembly-CSharp.csproj", "{B3D090C0-E27D-A482-A708-E677C24D6970}"
EndProject
Global
	GlobalSection(SolutionConfigurationPlatforms) = preSolution
		Debug|Any CPU = Debug|Any CPU
		Release|Any CPU = Release|Any CPU
	EndGlobalSection
	GlobalSection(ProjectConfigurationPlatforms) = postSolution
		{B3D090C0-E27D-A482-A708-E677C24D6970}.Debug|Any CPU.ActiveCfg = Debug|Any CPU
		{B3D090C0-E27D-A482-A708-E677C24D6970}.Debug|Any CPU.Build.0 = Debug|Any CPU
		{B3D090C0-E27D-A482-A708-E677C24D6970}.Release|Any CPU.ActiveCfg = Release|Any CPU
		{B3D090C0-E27D-A482-A708-E677C24D6970}.Release|Any CPU.Build.0 = Release|Any CPU
	EndGlobalSection
	GlobalSection(SolutionProperties) = preSolution
		HideSolutionNode = FALSE
	EndGlobalSection
EndGlobal
